
Microsoft Visual Studio Solution File, Format Version 12.00
# Visual Studio Version 17
VisualStudioVersion = 17.9.34728.123
MinimumVisualStudioVersion = 10.0.40219.1
Project("{FAE04EC0-301F-11D3-BF4B-00C04F79EFBC}") = "CrudAdoExample", "CrudAdoExample\CrudAdoExample.csproj", "{2B98CC72-8C04-41BC-B5DC-19170299E241}"
EndProject
Global
	GlobalSection(SolutionConfigurationPlatforms) = preSolution
		Debug|Any CPU = Debug|Any CPU
		Release|Any CPU = Release|Any CPU
	EndGlobalSection
	GlobalSection(ProjectConfigurationPlatforms) = postSolution
		{2B98CC72-8C04-41BC-B5DC-19170299E241}.Debug|Any CPU.ActiveCfg = Debug|Any CPU
		{2B98CC72-8C04-41BC-B5DC-19170299E241}.Debug|Any CPU.Build.0 = Debug|Any CPU
		{2B98CC72-8C04-41BC-B5DC-19170299E241}.Release|Any CPU.ActiveCfg = Release|Any CPU
		{2B98CC72-8C04-41BC-B5DC-19170299E241}.Release|Any CPU.Build.0 = Release|Any CPU
	EndGlobalSection
	GlobalSection(SolutionProperties) = preSolution
		HideSolutionNode = FALSE
	EndGlobalSection
	GlobalSection(ExtensibilityGlobals) = postSolution
		SolutionGuid = {42E7CFE9-C4C4-498A-95C3-EA143FD40BF5}
	EndGlobalSection
EndGlobal
